
Microsoft Visual Studio Solution File, Format Version 12.00
# Visual Studio Version 17
VisualStudioVersion = 17.14.36109.1 d17.14
MinimumVisualStudioVersion = 10.0.40219.1
Project("{F2A71F9B-5D33-465A-A702-920D77279786}") = "Lab 2", "Lab 2\Lab 2.fsproj", "{D5DCF6D4-471E-4216-B53B-760AECE498DA}"
EndProject
Global
	GlobalSection(SolutionConfigurationPlatforms) = preSolution
		Debug|Any CPU = Debug|Any CPU
		Release|Any CPU = Release|Any CPU
	EndGlobalSection
	GlobalSection(ProjectConfigurationPlatforms) = postSolution
		{D5DCF6D4-471E-4216-B53B-760AECE498DA}.Debug|Any CPU.ActiveCfg = Debug|Any CPU
		{D5DCF6D4-471E-4216-B53B-760AECE498DA}.Debug|Any CPU.Build.0 = Debug|Any CPU
		{D5DCF6D4-471E-4216-B53B-760AECE498DA}.Release|Any CPU.ActiveCfg = Release|Any CPU
		{D5DCF6D4-471E-4216-B53B-760AECE498DA}.Release|Any CPU.Build.0 = Release|Any CPU
	EndGlobalSection
	GlobalSection(SolutionProperties) = preSolution
		HideSolutionNode = FALSE
	EndGlobalSection
	GlobalSection(ExtensibilityGlobals) = postSolution
		SolutionGuid = {2B301AFC-F086-4F1D-9EE2-7BFB3DED5D97}
	EndGlobalSection
EndGlobal
